// !$*UTF8*$!
{
	archiveVersion = 1;
	classes = {
	};
	objectVersion = 56;
	objects = {

/* Begin PBXBuildFile section */
		1389FBCE2BDF57DD00F6969A /* SDWebImageLottieCoder in Frameworks */ = {isa = PBXBuildFile; productRef = 1389FBCD2BDF57DD00F6969A /* SDWebImageLottieCoder */; };
		1389FBD02BDF582800F6969A /* SDWebImageLottieCoder in Frameworks */ = {isa = PBXBuildFile; productRef = 1389FBCF2BDF582800F6969A /* SDWebImageLottieCoder */; };
		1389FBE22BDF5AFD00F6969A /* BreathAnimation.swift in Sources */ = {isa = PBXBuildFile; fileRef = 1389FBE12BDF5AFD00F6969A /* BreathAnimation.swift */; };
		1389FBE32BDF5AFD00F6969A /* BreathAnimation.swift in Sources */ = {isa = PBXBuildFile; fileRef = 1389FBE12BDF5AFD00F6969A /* BreathAnimation.swift */; };
		1389FBE82BDF5C7800F6969A /* PulsAnimation.swift in Sources */ = {isa = PBXBuildFile; fileRef = 1389FBE72BDF5C7800F6969A /* PulsAnimation.swift */; };
		1389FBE92BDF5C7800F6969A /* PulsAnimation.swift in Sources */ = {isa = PBXBuildFile; fileRef = 1389FBE72BDF5C7800F6969A /* PulsAnimation.swift */; };
		1389FBEB2BDF5D2700F6969A /* HeartRateCheckAnimation.swift in Sources */ = {isa = PBXBuildFile; fileRef = 1389FBEA2BDF5D2700F6969A /* HeartRateCheckAnimation.swift */; };
		1389FBEC2BDF5D2700F6969A /* HeartRateCheckAnimation.swift in Sources */ = {isa = PBXBuildFile; fileRef = 1389FBEA2BDF5D2700F6969A /* HeartRateCheckAnimation.swift */; };
		1389FBF12BDF5DDB00F6969A /* HeartRateSuccess.swift in Sources */ = {isa = PBXBuildFile; fileRef = 1389FBF02BDF5DDB00F6969A /* HeartRateSuccess.swift */; };
		1389FBF22BDF5DDB00F6969A /* HeartRateSuccess.swift in Sources */ = {isa = PBXBuildFile; fileRef = 1389FBF02BDF5DDB00F6969A /* HeartRateSuccess.swift */; };
		1389FBF42BDF5E0700F6969A /* HeartRateFailed.swift in Sources */ = {isa = PBXBuildFile; fileRef = 1389FBF32BDF5E0700F6969A /* HeartRateFailed.swift */; };
		1389FBF52BDF5E0700F6969A /* HeartRateFailed.swift in Sources */ = {isa = PBXBuildFile; fileRef = 1389FBF32BDF5E0700F6969A /* HeartRateFailed.swift */; };
		1389FBF82BDF5E2E00F6969A /* Onboarding.swift in Sources */ = {isa = PBXBuildFile; fileRef = 1389FBF62BDF5E2E00F6969A /* Onboarding.swift */; };
		1389FBFB2BDF5E7200F6969A /* HeartRateCheckerPage.swift in Sources */ = {isa = PBXBuildFile; fileRef = 1389FBF92BDF5E7200F6969A /* HeartRateCheckerPage.swift */; };
		1389FBFE2BDF5ECE00F6969A /* HeartRateRetry.swift in Sources */ = {isa = PBXBuildFile; fileRef = 1389FBFC2BDF5ECE00F6969A /* HeartRateRetry.swift */; };
		1389FC012BDF5F0900F6969A /* HeartRatePassPage.swift in Sources */ = {isa = PBXBuildFile; fileRef = 1389FBFF2BDF5F0900F6969A /* HeartRatePassPage.swift */; };
		1389FC042BDF5F3300F6969A /* SplashScreen.swift in Sources */ = {isa = PBXBuildFile; fileRef = 1389FC022BDF5F3300F6969A /* SplashScreen.swift */; };
		1397355E2BE0122D0013B10E /* PreparationAnimation.swift in Sources */ = {isa = PBXBuildFile; fileRef = 1397355D2BE0122D0013B10E /* PreparationAnimation.swift */; };
		1397355F2BE0122D0013B10E /* PreparationAnimation.swift in Sources */ = {isa = PBXBuildFile; fileRef = 1397355D2BE0122D0013B10E /* PreparationAnimation.swift */; };
		139735652BE0DA560013B10E /* LottieViewModel.swift in Sources */ = {isa = PBXBuildFile; fileRef = 139735642BE0DA560013B10E /* LottieViewModel.swift */; };
		139735672BE0DAB40013B10E /* LottieViewModel.swift in Sources */ = {isa = PBXBuildFile; fileRef = 139735642BE0DA560013B10E /* LottieViewModel.swift */; };
		139735692BE0E30F0013B10E /* Breath animation2.json in Resources */ = {isa = PBXBuildFile; fileRef = 139735682BE0E30F0013B10E /* Breath animation2.json */; };
		1397356A2BE0E30F0013B10E /* Breath animation2.json in Resources */ = {isa = PBXBuildFile; fileRef = 139735682BE0E30F0013B10E /* Breath animation2.json */; };
		1397356C2BE0E32D0013B10E /* Puls Animation2.json in Resources */ = {isa = PBXBuildFile; fileRef = 1397356B2BE0E32D0013B10E /* Puls Animation2.json */; };
		1397356D2BE0E32D0013B10E /* Puls Animation2.json in Resources */ = {isa = PBXBuildFile; fileRef = 1397356B2BE0E32D0013B10E /* Puls Animation2.json */; };
		1397356F2BE0E3490013B10E /* Logo2.json in Resources */ = {isa = PBXBuildFile; fileRef = 1397356E2BE0E3490013B10E /* Logo2.json */; };
		139735702BE0E3490013B10E /* Logo2.json in Resources */ = {isa = PBXBuildFile; fileRef = 1397356E2BE0E3490013B10E /* Logo2.json */; };
		139735722BE0E8040013B10E /* HeartbeatAnimation.swift in Sources */ = {isa = PBXBuildFile; fileRef = 139735712BE0E8040013B10E /* HeartbeatAnimation.swift */; };
		139735732BE0E8040013B10E /* HeartbeatAnimation.swift in Sources */ = {isa = PBXBuildFile; fileRef = 139735712BE0E8040013B10E /* HeartbeatAnimation.swift */; };
		139735752BE0EDD40013B10E /* TestingAja.swift in Sources */ = {isa = PBXBuildFile; fileRef = 139735742BE0EDD40013B10E /* TestingAja.swift */; };
		139735762BE0EDD40013B10E /* TestingAja.swift in Sources */ = {isa = PBXBuildFile; fileRef = 139735742BE0EDD40013B10E /* TestingAja.swift */; };
		1A7162012BDE33EB0050B1DE /* ChartView_Previews.swift in Sources */ = {isa = PBXBuildFile; fileRef = 1A7162002BDE33EB0050B1DE /* ChartView_Previews.swift */; };
		1A862C042BD9F84C006E2107 /* CamraDiveApp.swift in Sources */ = {isa = PBXBuildFile; fileRef = 1A862C032BD9F84C006E2107 /* CamraDiveApp.swift */; };
		1A862C062BD9F84C006E2107 /* ContentView.swift in Sources */ = {isa = PBXBuildFile; fileRef = 1A862C052BD9F84C006E2107 /* ContentView.swift */; };
		1A862C082BD9F84D006E2107 /* Assets.xcassets in Resources */ = {isa = PBXBuildFile; fileRef = 1A862C072BD9F84D006E2107 /* Assets.xcassets */; };
		1A862C0B2BD9F84D006E2107 /* Preview Assets.xcassets in Resources */ = {isa = PBXBuildFile; fileRef = 1A862C0A2BD9F84D006E2107 /* Preview Assets.xcassets */; };
		1A862C112BD9F84D006E2107 /* CamraDive Watch App.app in Embed Watch Content */ = {isa = PBXBuildFile; fileRef = 1A862C102BD9F84D006E2107 /* CamraDive Watch App.app */; settings = {ATTRIBUTES = (RemoveHeadersOnCopy, ); }; };
		1A862C162BD9F84D006E2107 /* CamraDiveApp.swift in Sources */ = {isa = PBXBuildFile; fileRef = 1A862C152BD9F84D006E2107 /* CamraDiveApp.swift */; };
		1A862C182BD9F84D006E2107 /* MainView.swift in Sources */ = {isa = PBXBuildFile; fileRef = 1A862C172BD9F84D006E2107 /* MainView.swift */; };
		1A862C1A2BD9F84D006E2107 /* Assets.xcassets in Resources */ = {isa = PBXBuildFile; fileRef = 1A862C192BD9F84D006E2107 /* Assets.xcassets */; };
		1A862C1D2BD9F84D006E2107 /* Preview Assets.xcassets in Resources */ = {isa = PBXBuildFile; fileRef = 1A862C1C2BD9F84D006E2107 /* Preview Assets.xcassets */; };
		1A862C282BD9F9E3006E2107 /* TimeDataView.swift in Sources */ = {isa = PBXBuildFile; fileRef = 1A862C272BD9F9E3006E2107 /* TimeDataView.swift */; };
		1A862C2B2BDA05EB006E2107 /* WatchConnectivity.framework in Frameworks */ = {isa = PBXBuildFile; fileRef = 1A862C2A2BDA05EB006E2107 /* WatchConnectivity.framework */; };
/* End PBXBuildFile section */

/* Begin PBXContainerItemProxy section */
		1A862C122BD9F84D006E2107 /* PBXContainerItemProxy */ = {
			isa = PBXContainerItemProxy;
			containerPortal = 1A862BF82BD9F84C006E2107 /* Project object */;
			proxyType = 1;
			remoteGlobalIDString = 1A862C0F2BD9F84D006E2107;
			remoteInfo = "CamraDive Watch App";
		};
/* End PBXContainerItemProxy section */

/* Begin PBXCopyFilesBuildPhase section */
		1A862C232BD9F84D006E2107 /* Embed Watch Content */ = {
			isa = PBXCopyFilesBuildPhase;
			buildActionMask = 2147483647;
			dstPath = "$(CONTENTS_FOLDER_PATH)/Watch";
			dstSubfolderSpec = 16;
			files = (
				1A862C112BD9F84D006E2107 /* CamraDive Watch App.app in Embed Watch Content */,
			);
			name = "Embed Watch Content";
			runOnlyForDeploymentPostprocessing = 0;
		};
/* End PBXCopyFilesBuildPhase section */

/* Begin PBXFileReference section */
		1389FBE12BDF5AFD00F6969A /* BreathAnimation.swift */ = {isa = PBXFileReference; lastKnownFileType = sourcecode.swift; path = BreathAnimation.swift; sourceTree = "<group>"; };
		1389FBE72BDF5C7800F6969A /* PulsAnimation.swift */ = {isa = PBXFileReference; lastKnownFileType = sourcecode.swift; path = PulsAnimation.swift; sourceTree = "<group>"; };
		1389FBEA2BDF5D2700F6969A /* HeartRateCheckAnimation.swift */ = {isa = PBXFileReference; lastKnownFileType = sourcecode.swift; path = HeartRateCheckAnimation.swift; sourceTree = "<group>"; };
		1389FBF02BDF5DDB00F6969A /* HeartRateSuccess.swift */ = {isa = PBXFileReference; lastKnownFileType = sourcecode.swift; path = HeartRateSuccess.swift; sourceTree = "<group>"; };
		1389FBF32BDF5E0700F6969A /* HeartRateFailed.swift */ = {isa = PBXFileReference; lastKnownFileType = sourcecode.swift; path = HeartRateFailed.swift; sourceTree = "<group>"; };
		1389FBF62BDF5E2E00F6969A /* Onboarding.swift */ = {isa = PBXFileReference; lastKnownFileType = sourcecode.swift; path = Onboarding.swift; sourceTree = "<group>"; };
		1389FBF92BDF5E7200F6969A /* HeartRateCheckerPage.swift */ = {isa = PBXFileReference; lastKnownFileType = sourcecode.swift; path = HeartRateCheckerPage.swift; sourceTree = "<group>"; };
		1389FBFC2BDF5ECE00F6969A /* HeartRateRetry.swift */ = {isa = PBXFileReference; lastKnownFileType = sourcecode.swift; path = HeartRateRetry.swift; sourceTree = "<group>"; };
		1389FBFF2BDF5F0900F6969A /* HeartRatePassPage.swift */ = {isa = PBXFileReference; lastKnownFileType = sourcecode.swift; path = HeartRatePassPage.swift; sourceTree = "<group>"; };
		1389FC022BDF5F3300F6969A /* SplashScreen.swift */ = {isa = PBXFileReference; lastKnownFileType = sourcecode.swift; path = SplashScreen.swift; sourceTree = "<group>"; };
		1397355D2BE0122D0013B10E /* PreparationAnimation.swift */ = {isa = PBXFileReference; lastKnownFileType = sourcecode.swift; path = PreparationAnimation.swift; sourceTree = "<group>"; };
		139735642BE0DA560013B10E /* LottieViewModel.swift */ = {isa = PBXFileReference; lastKnownFileType = sourcecode.swift; path = LottieViewModel.swift; sourceTree = "<group>"; };
		139735682BE0E30F0013B10E /* Breath animation2.json */ = {isa = PBXFileReference; fileEncoding = 4; lastKnownFileType = text.json; path = "Breath animation2.json"; sourceTree = "<group>"; };
		1397356B2BE0E32D0013B10E /* Puls Animation2.json */ = {isa = PBXFileReference; fileEncoding = 4; lastKnownFileType = text.json; path = "Puls Animation2.json"; sourceTree = "<group>"; };
		1397356E2BE0E3490013B10E /* Logo2.json */ = {isa = PBXFileReference; fileEncoding = 4; lastKnownFileType = text.json; path = Logo2.json; sourceTree = "<group>"; };
		139735712BE0E8040013B10E /* HeartbeatAnimation.swift */ = {isa = PBXFileReference; lastKnownFileType = sourcecode.swift; path = HeartbeatAnimation.swift; sourceTree = "<group>"; };
		139735742BE0EDD40013B10E /* TestingAja.swift */ = {isa = PBXFileReference; lastKnownFileType = sourcecode.swift; path = TestingAja.swift; sourceTree = "<group>"; };
		139735772BE275E50013B10E /* CamraDive.entitlements */ = {isa = PBXFileReference; lastKnownFileType = text.plist.entitlements; path = CamraDive.entitlements; sourceTree = "<group>"; };
		139735782BE275EC0013B10E /* CamraDive Watch App.entitlements */ = {isa = PBXFileReference; lastKnownFileType = text.plist.entitlements; path = "CamraDive Watch App.entitlements"; sourceTree = "<group>"; };
		1A7162002BDE33EB0050B1DE /* ChartView_Previews.swift */ = {isa = PBXFileReference; lastKnownFileType = sourcecode.swift; path = ChartView_Previews.swift; sourceTree = "<group>"; };
		1A862C002BD9F84C006E2107 /* CamraDive.app */ = {isa = PBXFileReference; explicitFileType = wrapper.application; includeInIndex = 0; path = CamraDive.app; sourceTree = BUILT_PRODUCTS_DIR; };
		1A862C032BD9F84C006E2107 /* CamraDiveApp.swift */ = {isa = PBXFileReference; lastKnownFileType = sourcecode.swift; path = CamraDiveApp.swift; sourceTree = "<group>"; };
		1A862C052BD9F84C006E2107 /* ContentView.swift */ = {isa = PBXFileReference; lastKnownFileType = sourcecode.swift; path = ContentView.swift; sourceTree = "<group>"; };
		1A862C072BD9F84D006E2107 /* Assets.xcassets */ = {isa = PBXFileReference; lastKnownFileType = folder.assetcatalog; path = Assets.xcassets; sourceTree = "<group>"; };
		1A862C0A2BD9F84D006E2107 /* Preview Assets.xcassets */ = {isa = PBXFileReference; lastKnownFileType = folder.assetcatalog; path = "Preview Assets.xcassets"; sourceTree = "<group>"; };
		1A862C102BD9F84D006E2107 /* CamraDive Watch App.app */ = {isa = PBXFileReference; explicitFileType = wrapper.application; includeInIndex = 0; path = "CamraDive Watch App.app"; sourceTree = BUILT_PRODUCTS_DIR; };
		1A862C152BD9F84D006E2107 /* CamraDiveApp.swift */ = {isa = PBXFileReference; lastKnownFileType = sourcecode.swift; path = CamraDiveApp.swift; sourceTree = "<group>"; };
		1A862C172BD9F84D006E2107 /* MainView.swift */ = {isa = PBXFileReference; lastKnownFileType = sourcecode.swift; path = MainView.swift; sourceTree = "<group>"; };
		1A862C192BD9F84D006E2107 /* Assets.xcassets */ = {isa = PBXFileReference; lastKnownFileType = folder.assetcatalog; path = Assets.xcassets; sourceTree = "<group>"; };
		1A862C1C2BD9F84D006E2107 /* Preview Assets.xcassets */ = {isa = PBXFileReference; lastKnownFileType = folder.assetcatalog; path = "Preview Assets.xcassets"; sourceTree = "<group>"; };
		1A862C272BD9F9E3006E2107 /* TimeDataView.swift */ = {isa = PBXFileReference; lastKnownFileType = sourcecode.swift; path = TimeDataView.swift; sourceTree = "<group>"; };
		1A862C2A2BDA05EB006E2107 /* WatchConnectivity.framework */ = {isa = PBXFileReference; lastKnownFileType = wrapper.framework; name = WatchConnectivity.framework; path = Platforms/iPhoneOS.platform/Developer/SDKs/iPhoneOS17.2.sdk/System/Library/Frameworks/WatchConnectivity.framework; sourceTree = DEVELOPER_DIR; };
/* End PBXFileReference section */

/* Begin PBXFrameworksBuildPhase section */
		1A862BFD2BD9F84C006E2107 /* Frameworks */ = {
			isa = PBXFrameworksBuildPhase;
			buildActionMask = 2147483647;
			files = (
				1A862C2B2BDA05EB006E2107 /* WatchConnectivity.framework in Frameworks */,
				1389FBCE2BDF57DD00F6969A /* SDWebImageLottieCoder in Frameworks */,
			);
			runOnlyForDeploymentPostprocessing = 0;
		};
		1A862C0D2BD9F84D006E2107 /* Frameworks */ = {
			isa = PBXFrameworksBuildPhase;
			buildActionMask = 2147483647;
			files = (
				1389FBD02BDF582800F6969A /* SDWebImageLottieCoder in Frameworks */,
			);
			runOnlyForDeploymentPostprocessing = 0;
		};
/* End PBXFrameworksBuildPhase section */

/* Begin PBXGroup section */
		1389FBD12BDF58B500F6969A /* Asset */ = {
			isa = PBXGroup;
			children = (
				1397356E2BE0E3490013B10E /* Logo2.json */,
				1397356B2BE0E32D0013B10E /* Puls Animation2.json */,
				139735682BE0E30F0013B10E /* Breath animation2.json */,
			);
			path = Asset;
			sourceTree = "<group>";
		};
		1389FC052BDF5F6C00F6969A /* Component */ = {
			isa = PBXGroup;
			children = (
				139735642BE0DA560013B10E /* LottieViewModel.swift */,
				1397355D2BE0122D0013B10E /* PreparationAnimation.swift */,
				1389FBF32BDF5E0700F6969A /* HeartRateFailed.swift */,
				1389FBF02BDF5DDB00F6969A /* HeartRateSuccess.swift */,
				1389FBEA2BDF5D2700F6969A /* HeartRateCheckAnimation.swift */,
				1389FBE72BDF5C7800F6969A /* PulsAnimation.swift */,
				1389FBE12BDF5AFD00F6969A /* BreathAnimation.swift */,
				139735712BE0E8040013B10E /* HeartbeatAnimation.swift */,
			);
			path = Component;
			sourceTree = "<group>";
		};
		1A862BF72BD9F84C006E2107 = {
			isa = PBXGroup;
			children = (
				139735742BE0EDD40013B10E /* TestingAja.swift */,
				1A862C022BD9F84C006E2107 /* CamraDive */,
				1A862C142BD9F84D006E2107 /* CamraDive Watch App */,
				1A862C012BD9F84C006E2107 /* Products */,
				1A862C292BDA05EB006E2107 /* Frameworks */,
			);
			sourceTree = "<group>";
		};
		1A862C012BD9F84C006E2107 /* Products */ = {
			isa = PBXGroup;
			children = (
				1A862C002BD9F84C006E2107 /* CamraDive.app */,
				1A862C102BD9F84D006E2107 /* CamraDive Watch App.app */,
			);
			name = Products;
			sourceTree = "<group>";
		};
		1A862C022BD9F84C006E2107 /* CamraDive */ = {
			isa = PBXGroup;
			children = (
				139735772BE275E50013B10E /* CamraDive.entitlements */,
				1A862C2D2BDA1183006E2107 /* Views */,
				1A862C2E2BDA1190006E2107 /* Classes */,
				1A862C032BD9F84C006E2107 /* CamraDiveApp.swift */,
				1A862C072BD9F84D006E2107 /* Assets.xcassets */,
				1A862C092BD9F84D006E2107 /* Preview Content */,
			);
			path = CamraDive;
			sourceTree = "<group>";
		};
		1A862C092BD9F84D006E2107 /* Preview Content */ = {
			isa = PBXGroup;
			children = (
				1A862C0A2BD9F84D006E2107 /* Preview Assets.xcassets */,
			);
			path = "Preview Content";
			sourceTree = "<group>";
		};
		1A862C142BD9F84D006E2107 /* CamraDive Watch App */ = {
			isa = PBXGroup;
			children = (
				139735782BE275EC0013B10E /* CamraDive Watch App.entitlements */,
				1389FBD12BDF58B500F6969A /* Asset */,
				1389FC052BDF5F6C00F6969A /* Component */,
				1389FC022BDF5F3300F6969A /* SplashScreen.swift */,
				1389FBFF2BDF5F0900F6969A /* HeartRatePassPage.swift */,
				1389FBFC2BDF5ECE00F6969A /* HeartRateRetry.swift */,
				1389FBF92BDF5E7200F6969A /* HeartRateCheckerPage.swift */,
				1389FBF62BDF5E2E00F6969A /* Onboarding.swift */,
				1AD6E4222BDBAE6400E04A1D /* Model */,
				1A862C2C2BDA1143006E2107 /* Views */,
				1A862C152BD9F84D006E2107 /* CamraDiveApp.swift */,
				1A862C192BD9F84D006E2107 /* Assets.xcassets */,
				1A862C1B2BD9F84D006E2107 /* Preview Content */,
			);
			path = "CamraDive Watch App";
			sourceTree = "<group>";
		};
		1A862C1B2BD9F84D006E2107 /* Preview Content */ = {
			isa = PBXGroup;
			children = (
				1A862C1C2BD9F84D006E2107 /* Preview Assets.xcassets */,
			);
			path = "Preview Content";
			sourceTree = "<group>";
		};
		1A862C292BDA05EB006E2107 /* Frameworks */ = {
			isa = PBXGroup;
			children = (
				1A862C2A2BDA05EB006E2107 /* WatchConnectivity.framework */,
			);
			name = Frameworks;
			sourceTree = "<group>";
		};
		1A862C2C2BDA1143006E2107 /* Views */ = {
			isa = PBXGroup;
			children = (
				1A862C172BD9F84D006E2107 /* MainView.swift */,
				1A862C272BD9F9E3006E2107 /* TimeDataView.swift */,
				1A7162002BDE33EB0050B1DE /* ChartView_Previews.swift */,
			);
			path = Views;
			sourceTree = "<group>";
		};
		1A862C2D2BDA1183006E2107 /* Views */ = {
			isa = PBXGroup;
			children = (
				1A862C052BD9F84C006E2107 /* ContentView.swift */,
			);
			path = Views;
			sourceTree = "<group>";
		};
		1A862C2E2BDA1190006E2107 /* Classes */ = {
			isa = PBXGroup;
			children = (
				1A862C2F2BDA11A0006E2107 /* ProgramObject */,
			);
			path = Classes;
			sourceTree = "<group>";
		};
		1A862C2F2BDA11A0006E2107 /* ProgramObject */ = {
			isa = PBXGroup;
			children = (
			);
			path = ProgramObject;
			sourceTree = "<group>";
		};
		1AD6E4222BDBAE6400E04A1D /* Model */ = {
			isa = PBXGroup;
			children = (
			);
			path = Model;
			sourceTree = "<group>";
		};
/* End PBXGroup section */

/* Begin PBXNativeTarget section */
		1A862BFF2BD9F84C006E2107 /* CamraDive */ = {
			isa = PBXNativeTarget;
			buildConfigurationList = 1A862C242BD9F84D006E2107 /* Build configuration list for PBXNativeTarget "CamraDive" */;
			buildPhases = (
				1A862BFC2BD9F84C006E2107 /* Sources */,
				1A862BFD2BD9F84C006E2107 /* Frameworks */,
				1A862BFE2BD9F84C006E2107 /* Resources */,
				1A862C232BD9F84D006E2107 /* Embed Watch Content */,
			);
			buildRules = (
			);
			dependencies = (
				1A862C132BD9F84D006E2107 /* PBXTargetDependency */,
			);
			name = CamraDive;
			packageProductDependencies = (
				1389FBCD2BDF57DD00F6969A /* SDWebImageLottieCoder */,
			);
			productName = CamraDive;
			productReference = 1A862C002BD9F84C006E2107 /* CamraDive.app */;
			productType = "com.apple.product-type.application";
		};
		1A862C0F2BD9F84D006E2107 /* CamraDive Watch App */ = {
			isa = PBXNativeTarget;
			buildConfigurationList = 1A862C202BD9F84D006E2107 /* Build configuration list for PBXNativeTarget "CamraDive Watch App" */;
			buildPhases = (
				1A862C0C2BD9F84D006E2107 /* Sources */,
				1A862C0D2BD9F84D006E2107 /* Frameworks */,
				1A862C0E2BD9F84D006E2107 /* Resources */,
			);
			buildRules = (
			);
			dependencies = (
			);
			name = "CamraDive Watch App";
			packageProductDependencies = (
				1389FBCF2BDF582800F6969A /* SDWebImageLottieCoder */,
			);
			productName = "CamraDive Watch App";
			productReference = 1A862C102BD9F84D006E2107 /* CamraDive Watch App.app */;
			productType = "com.apple.product-type.application";
		};
/* End PBXNativeTarget section */

/* Begin PBXProject section */
		1A862BF82BD9F84C006E2107 /* Project object */ = {
			isa = PBXProject;
			attributes = {
				BuildIndependentTargetsInParallel = 1;
				LastSwiftUpdateCheck = 1520;
				LastUpgradeCheck = 1520;
				TargetAttributes = {
					1A862BFF2BD9F84C006E2107 = {
						CreatedOnToolsVersion = 15.2;
					};
					1A862C0F2BD9F84D006E2107 = {
						CreatedOnToolsVersion = 15.2;
					};
				};
			};
			buildConfigurationList = 1A862BFB2BD9F84C006E2107 /* Build configuration list for PBXProject "CamraDive" */;
			compatibilityVersion = "Xcode 14.0";
			developmentRegion = en;
			hasScannedForEncodings = 0;
			knownRegions = (
				en,
				Base,
			);
			mainGroup = 1A862BF72BD9F84C006E2107;
			packageReferences = (
				1389FBCC2BDF57DD00F6969A /* XCRemoteSwiftPackageReference "SDWebImageLottieCoder" */,
			);
			productRefGroup = 1A862C012BD9F84C006E2107 /* Products */;
			projectDirPath = "";
			projectRoot = "";
			targets = (
				1A862BFF2BD9F84C006E2107 /* CamraDive */,
				1A862C0F2BD9F84D006E2107 /* CamraDive Watch App */,
			);
		};
/* End PBXProject section */

/* Begin PBXResourcesBuildPhase section */
		1A862BFE2BD9F84C006E2107 /* Resources */ = {
			isa = PBXResourcesBuildPhase;
			buildActionMask = 2147483647;
			files = (
				1A862C0B2BD9F84D006E2107 /* Preview Assets.xcassets in Resources */,
				1397356C2BE0E32D0013B10E /* Puls Animation2.json in Resources */,
				1397356F2BE0E3490013B10E /* Logo2.json in Resources */,
				1A862C082BD9F84D006E2107 /* Assets.xcassets in Resources */,
				139735692BE0E30F0013B10E /* Breath animation2.json in Resources */,
			);
			runOnlyForDeploymentPostprocessing = 0;
		};
		1A862C0E2BD9F84D006E2107 /* Resources */ = {
			isa = PBXResourcesBuildPhase;
			buildActionMask = 2147483647;
			files = (
				1A862C1D2BD9F84D006E2107 /* Preview Assets.xcassets in Resources */,
				1A862C1A2BD9F84D006E2107 /* Assets.xcassets in Resources */,
				1397356A2BE0E30F0013B10E /* Breath animation2.json in Resources */,
				1397356D2BE0E32D0013B10E /* Puls Animation2.json in Resources */,
				139735702BE0E3490013B10E /* Logo2.json in Resources */,
			);
			runOnlyForDeploymentPostprocessing = 0;
		};
/* End PBXResourcesBuildPhase section */

/* Begin PBXSourcesBuildPhase section */
		1A862BFC2BD9F84C006E2107 /* Sources */ = {
			isa = PBXSourcesBuildPhase;
			buildActionMask = 2147483647;
			files = (
				1397355E2BE0122D0013B10E /* PreparationAnimation.swift in Sources */,
				1389FBF12BDF5DDB00F6969A /* HeartRateSuccess.swift in Sources */,
				1A862C062BD9F84C006E2107 /* ContentView.swift in Sources */,
				1389FBE82BDF5C7800F6969A /* PulsAnimation.swift in Sources */,
				1389FBE22BDF5AFD00F6969A /* BreathAnimation.swift in Sources */,
				139735752BE0EDD40013B10E /* TestingAja.swift in Sources */,
				1389FBF42BDF5E0700F6969A /* HeartRateFailed.swift in Sources */,
				139735652BE0DA560013B10E /* LottieViewModel.swift in Sources */,
				1389FBEB2BDF5D2700F6969A /* HeartRateCheckAnimation.swift in Sources */,
				1A862C042BD9F84C006E2107 /* CamraDiveApp.swift in Sources */,
				139735722BE0E8040013B10E /* HeartbeatAnimation.swift in Sources */,
			);
			runOnlyForDeploymentPostprocessing = 0;
		};
		1A862C0C2BD9F84D006E2107 /* Sources */ = {
			isa = PBXSourcesBuildPhase;
			buildActionMask = 2147483647;
			files = (
				139735732BE0E8040013B10E /* HeartbeatAnimation.swift in Sources */,
				1389FC042BDF5F3300F6969A /* SplashScreen.swift in Sources */,
				1A7162012BDE33EB0050B1DE /* ChartView_Previews.swift in Sources */,
				1389FBE32BDF5AFD00F6969A /* BreathAnimation.swift in Sources */,
				1A862C182BD9F84D006E2107 /* MainView.swift in Sources */,
				139735762BE0EDD40013B10E /* TestingAja.swift in Sources */,
				1389FBF22BDF5DDB00F6969A /* HeartRateSuccess.swift in Sources */,
				1389FBF82BDF5E2E00F6969A /* Onboarding.swift in Sources */,
				1389FBF52BDF5E0700F6969A /* HeartRateFailed.swift in Sources */,
				1A862C162BD9F84D006E2107 /* CamraDiveApp.swift in Sources */,
				1A862C282BD9F9E3006E2107 /* TimeDataView.swift in Sources */,
				1397355F2BE0122D0013B10E /* PreparationAnimation.swift in Sources */,
				1389FBEC2BDF5D2700F6969A /* HeartRateCheckAnimation.swift in Sources */,
				1389FC012BDF5F0900F6969A /* HeartRatePassPage.swift in Sources */,
				1389FBFE2BDF5ECE00F6969A /* HeartRateRetry.swift in Sources */,
				139735672BE0DAB40013B10E /* LottieViewModel.swift in Sources */,
				1389FBE92BDF5C7800F6969A /* PulsAnimation.swift in Sources */,
				1389FBFB2BDF5E7200F6969A /* HeartRateCheckerPage.swift in Sources */,
			);
			runOnlyForDeploymentPostprocessing = 0;
		};
/* End PBXSourcesBuildPhase section */

/* Begin PBXTargetDependency section */
		1A862C132BD9F84D006E2107 /* PBXTargetDependency */ = {
			isa = PBXTargetDependency;
			target = 1A862C0F2BD9F84D006E2107 /* CamraDive Watch App */;
			targetProxy = 1A862C122BD9F84D006E2107 /* PBXContainerItemProxy */;
		};
/* End PBXTargetDependency section */

/* Begin XCBuildConfiguration section */
		1A862C1E2BD9F84D006E2107 /* Debug */ = {
			isa = XCBuildConfiguration;
			buildSettings = {
				ALWAYS_SEARCH_USER_PATHS = NO;
				ASSETCATALOG_COMPILER_GENERATE_SWIFT_ASSET_SYMBOL_EXTENSIONS = YES;
				CLANG_ANALYZER_NONNULL = YES;
				CLANG_ANALYZER_NUMBER_OBJECT_CONVERSION = YES_AGGRESSIVE;
				CLANG_CXX_LANGUAGE_STANDARD = "gnu++20";
				CLANG_ENABLE_MODULES = YES;
				CLANG_ENABLE_OBJC_ARC = YES;
				CLANG_ENABLE_OBJC_WEAK = YES;
				CLANG_WARN_BLOCK_CAPTURE_AUTORELEASING = YES;
				CLANG_WARN_BOOL_CONVERSION = YES;
				CLANG_WARN_COMMA = YES;
				CLANG_WARN_CONSTANT_CONVERSION = YES;
				CLANG_WARN_DEPRECATED_OBJC_IMPLEMENTATIONS = YES;
				CLANG_WARN_DIRECT_OBJC_ISA_USAGE = YES_ERROR;
				CLANG_WARN_DOCUMENTATION_COMMENTS = YES;
				CLANG_WARN_EMPTY_BODY = YES;
				CLANG_WARN_ENUM_CONVERSION = YES;
				CLANG_WARN_INFINITE_RECURSION = YES;
				CLANG_WARN_INT_CONVERSION = YES;
				CLANG_WARN_NON_LITERAL_NULL_CONVERSION = YES;
				CLANG_WARN_OBJC_IMPLICIT_RETAIN_SELF = YES;
				CLANG_WARN_OBJC_LITERAL_CONVERSION = YES;
				CLANG_WARN_OBJC_ROOT_CLASS = YES_ERROR;
				CLANG_WARN_QUOTED_INCLUDE_IN_FRAMEWORK_HEADER = YES;
				CLANG_WARN_RANGE_LOOP_ANALYSIS = YES;
				CLANG_WARN_STRICT_PROTOTYPES = YES;
				CLANG_WARN_SUSPICIOUS_MOVE = YES;
				CLANG_WARN_UNGUARDED_AVAILABILITY = YES_AGGRESSIVE;
				CLANG_WARN_UNREACHABLE_CODE = YES;
				CLANG_WARN__DUPLICATE_METHOD_MATCH = YES;
				COPY_PHASE_STRIP = NO;
				DEBUG_INFORMATION_FORMAT = dwarf;
				ENABLE_STRICT_OBJC_MSGSEND = YES;
				ENABLE_TESTABILITY = YES;
				ENABLE_USER_SCRIPT_SANDBOXING = YES;
				GCC_C_LANGUAGE_STANDARD = gnu17;
				GCC_DYNAMIC_NO_PIC = NO;
				GCC_NO_COMMON_BLOCKS = YES;
				GCC_OPTIMIZATION_LEVEL = 0;
				GCC_PREPROCESSOR_DEFINITIONS = (
					"DEBUG=1",
					"$(inherited)",
				);
				GCC_WARN_64_TO_32_BIT_CONVERSION = YES;
				GCC_WARN_ABOUT_RETURN_TYPE = YES_ERROR;
				GCC_WARN_UNDECLARED_SELECTOR = YES;
				GCC_WARN_UNINITIALIZED_AUTOS = YES_AGGRESSIVE;
				GCC_WARN_UNUSED_FUNCTION = YES;
				GCC_WARN_UNUSED_VARIABLE = YES;
				LOCALIZATION_PREFERS_STRING_CATALOGS = YES;
				MTL_ENABLE_DEBUG_INFO = INCLUDE_SOURCE;
				MTL_FAST_MATH = YES;
				ONLY_ACTIVE_ARCH = YES;
				SWIFT_ACTIVE_COMPILATION_CONDITIONS = "DEBUG $(inherited)";
				SWIFT_OPTIMIZATION_LEVEL = "-Onone";
			};
			name = Debug;
		};
		1A862C1F2BD9F84D006E2107 /* Release */ = {
			isa = XCBuildConfiguration;
			buildSettings = {
				ALWAYS_SEARCH_USER_PATHS = NO;
				ASSETCATALOG_COMPILER_GENERATE_SWIFT_ASSET_SYMBOL_EXTENSIONS = YES;
				CLANG_ANALYZER_NONNULL = YES;
				CLANG_ANALYZER_NUMBER_OBJECT_CONVERSION = YES_AGGRESSIVE;
				CLANG_CXX_LANGUAGE_STANDARD = "gnu++20";
				CLANG_ENABLE_MODULES = YES;
				CLANG_ENABLE_OBJC_ARC = YES;
				CLANG_ENABLE_OBJC_WEAK = YES;
				CLANG_WARN_BLOCK_CAPTURE_AUTORELEASING = YES;
				CLANG_WARN_BOOL_CONVERSION = YES;
				CLANG_WARN_COMMA = YES;
				CLANG_WARN_CONSTANT_CONVERSION = YES;
				CLANG_WARN_DEPRECATED_OBJC_IMPLEMENTATIONS = YES;
				CLANG_WARN_DIRECT_OBJC_ISA_USAGE = YES_ERROR;
				CLANG_WARN_DOCUMENTATION_COMMENTS = YES;
				CLANG_WARN_EMPTY_BODY = YES;
				CLANG_WARN_ENUM_CONVERSION = YES;
				CLANG_WARN_INFINITE_RECURSION = YES;
				CLANG_WARN_INT_CONVERSION = YES;
				CLANG_WARN_NON_LITERAL_NULL_CONVERSION = YES;
				CLANG_WARN_OBJC_IMPLICIT_RETAIN_SELF = YES;
				CLANG_WARN_OBJC_LITERAL_CONVERSION = YES;
				CLANG_WARN_OBJC_ROOT_CLASS = YES_ERROR;
				CLANG_WARN_QUOTED_INCLUDE_IN_FRAMEWORK_HEADER = YES;
				CLANG_WARN_RANGE_LOOP_ANALYSIS = YES;
				CLANG_WARN_STRICT_PROTOTYPES = YES;
				CLANG_WARN_SUSPICIOUS_MOVE = YES;
				CLANG_WARN_UNGUARDED_AVAILABILITY = YES_AGGRESSIVE;
				CLANG_WARN_UNREACHABLE_CODE = YES;
				CLANG_WARN__DUPLICATE_METHOD_MATCH = YES;
				COPY_PHASE_STRIP = NO;
				DEBUG_INFORMATION_FORMAT = "dwarf-with-dsym";
				ENABLE_NS_ASSERTIONS = NO;
				ENABLE_STRICT_OBJC_MSGSEND = YES;
				ENABLE_USER_SCRIPT_SANDBOXING = YES;
				GCC_C_LANGUAGE_STANDARD = gnu17;
				GCC_NO_COMMON_BLOCKS = YES;
				GCC_WARN_64_TO_32_BIT_CONVERSION = YES;
				GCC_WARN_ABOUT_RETURN_TYPE = YES_ERROR;
				GCC_WARN_UNDECLARED_SELECTOR = YES;
				GCC_WARN_UNINITIALIZED_AUTOS = YES_AGGRESSIVE;
				GCC_WARN_UNUSED_FUNCTION = YES;
				GCC_WARN_UNUSED_VARIABLE = YES;
				LOCALIZATION_PREFERS_STRING_CATALOGS = YES;
				MTL_ENABLE_DEBUG_INFO = NO;
				MTL_FAST_MATH = YES;
				SWIFT_COMPILATION_MODE = wholemodule;
			};
			name = Release;
		};
		1A862C212BD9F84D006E2107 /* Debug */ = {
			isa = XCBuildConfiguration;
			buildSettings = {
				ASSETCATALOG_COMPILER_APPICON_NAME = AppIcon;
				ASSETCATALOG_COMPILER_GLOBAL_ACCENT_COLOR_NAME = AccentColor;
				CODE_SIGN_ENTITLEMENTS = "CamraDive Watch App/CamraDive Watch App.entitlements";
				CODE_SIGN_STYLE = Automatic;
				CURRENT_PROJECT_VERSION = 1;
				DEVELOPMENT_ASSET_PATHS = "\"CamraDive Watch App/Preview Content\"";
				DEVELOPMENT_TEAM = 88D2VWU83D;
				ENABLE_PREVIEWS = YES;
				GENERATE_INFOPLIST_FILE = YES;
				INFOPLIST_KEY_CFBundleDisplayName = Camrradive;
				INFOPLIST_KEY_NSHealthShareUsageDescription = "to raed data from healthkit";
				INFOPLIST_KEY_NSHealthUpdateUsageDescription = "to update data to HealthKit";
				INFOPLIST_KEY_UISupportedInterfaceOrientations = "UIInterfaceOrientationPortrait UIInterfaceOrientationPortraitUpsideDown";
				INFOPLIST_KEY_WKCompanionAppBundleIdentifier = personal.CamraDive;
				LD_RUNPATH_SEARCH_PATHS = (
					"$(inherited)",
					"@executable_path/Frameworks",
				);
				MARKETING_VERSION = 1.0;
				PRODUCT_BUNDLE_IDENTIFIER = personal.CamraDive.watchkitapp.1;
				PRODUCT_NAME = "$(TARGET_NAME)";
				SDKROOT = watchos;
				SKIP_INSTALL = YES;
				SWIFT_EMIT_LOC_STRINGS = YES;
				SWIFT_VERSION = 5.0;
				TARGETED_DEVICE_FAMILY = 4;
				WATCHOS_DEPLOYMENT_TARGET = 10.2;
			};
			name = Debug;
		};
		1A862C222BD9F84D006E2107 /* Release */ = {
			isa = XCBuildConfiguration;
			buildSettings = {
				ASSETCATALOG_COMPILER_APPICON_NAME = AppIcon;
				ASSETCATALOG_COMPILER_GLOBAL_ACCENT_COLOR_NAME = AccentColor;
				CODE_SIGN_ENTITLEMENTS = "CamraDive Watch App/CamraDive Watch App.entitlements";
				CODE_SIGN_STYLE = Automatic;
				CURRENT_PROJECT_VERSION = 1;
				DEVELOPMENT_ASSET_PATHS = "\"CamraDive Watch App/Preview Content\"";
				DEVELOPMENT_TEAM = 88D2VWU83D;
				ENABLE_PREVIEWS = YES;
				GENERATE_INFOPLIST_FILE = YES;
				INFOPLIST_KEY_CFBundleDisplayName = Camrradive;
				INFOPLIST_KEY_NSHealthShareUsageDescription = "to raed data from healthkit";
				INFOPLIST_KEY_NSHealthUpdateUsageDescription = "to update data to HealthKit";
				INFOPLIST_KEY_UISupportedInterfaceOrientations = "UIInterfaceOrientationPortrait UIInterfaceOrientationPortraitUpsideDown";
				INFOPLIST_KEY_WKCompanionAppBundleIdentifier = personal.CamraDive;
				LD_RUNPATH_SEARCH_PATHS = (
					"$(inherited)",
					"@executable_path/Frameworks",
				);
				MARKETING_VERSION = 1.0;
				PRODUCT_BUNDLE_IDENTIFIER = personal.CamraDive.watchkitapp.1;
				PRODUCT_NAME = "$(TARGET_NAME)";
				SDKROOT = watchos;
				SKIP_INSTALL = YES;
				SWIFT_EMIT_LOC_STRINGS = YES;
				SWIFT_VERSION = 5.0;
				TARGETED_DEVICE_FAMILY = 4;
				VALIDATE_PRODUCT = YES;
				WATCHOS_DEPLOYMENT_TARGET = 10.2;
			};
			name = Release;
		};
		1A862C252BD9F84D006E2107 /* Debug */ = {
			isa = XCBuildConfiguration;
			buildSettings = {
				ALWAYS_EMBED_SWIFT_STANDARD_LIBRARIES = YES;
				ASSETCATALOG_COMPILER_APPICON_NAME = AppIcon;
				ASSETCATALOG_COMPILER_GLOBAL_ACCENT_COLOR_NAME = AccentColor;
				CODE_SIGN_ENTITLEMENTS = CamraDive/CamraDive.entitlements;
				CODE_SIGN_STYLE = Automatic;
				CURRENT_PROJECT_VERSION = 1;
				DEVELOPMENT_ASSET_PATHS = "\"CamraDive/Preview Content\"";
				DEVELOPMENT_TEAM = 88D2VWU83D;
				ENABLE_PREVIEWS = YES;
				GENERATE_INFOPLIST_FILE = YES;
				INFOPLIST_KEY_CFBundleDisplayName = Camradive;
				INFOPLIST_KEY_UIApplicationSceneManifest_Generation = YES;
				INFOPLIST_KEY_UIApplicationSupportsIndirectInputEvents = YES;
				INFOPLIST_KEY_UILaunchScreen_Generation = YES;
				INFOPLIST_KEY_UISupportedInterfaceOrientations_iPad = "UIInterfaceOrientationPortrait UIInterfaceOrientationPortraitUpsideDown UIInterfaceOrientationLandscapeLeft UIInterfaceOrientationLandscapeRight";
				INFOPLIST_KEY_UISupportedInterfaceOrientations_iPhone = "UIInterfaceOrientationPortrait UIInterfaceOrientationLandscapeLeft UIInterfaceOrientationLandscapeRight";
				IPHONEOS_DEPLOYMENT_TARGET = 17.2;
				LD_RUNPATH_SEARCH_PATHS = (
					"$(inherited)",
					"@executable_path/Frameworks",
				);
				MARKETING_VERSION = 1.0;
				PRODUCT_BUNDLE_IDENTIFIER = personal.CamraDive.1;
				PRODUCT_NAME = "$(TARGET_NAME)";
				SDKROOT = iphoneos;
				SWIFT_EMIT_LOC_STRINGS = YES;
				SWIFT_VERSION = 5.0;
				TARGETED_DEVICE_FAMILY = "1,2";
			};
			name = Debug;
		};
		1A862C262BD9F84D006E2107 /* Release */ = {
			isa = XCBuildConfiguration;
			buildSettings = {
				ALWAYS_EMBED_SWIFT_STANDARD_LIBRARIES = YES;
				ASSETCATALOG_COMPILER_APPICON_NAME = AppIcon;
				ASSETCATALOG_COMPILER_GLOBAL_ACCENT_COLOR_NAME = AccentColor;
				CODE_SIGN_ENTITLEMENTS = CamraDive/CamraDive.entitlements;
				CODE_SIGN_STYLE = Automatic;
				CURRENT_PROJECT_VERSION = 1;
				DEVELOPMENT_ASSET_PATHS = "\"CamraDive/Preview Content\"";
				DEVELOPMENT_TEAM = 88D2VWU83D;
				ENABLE_PREVIEWS = YES;
				GENERATE_INFOPLIST_FILE = YES;
				INFOPLIST_KEY_CFBundleDisplayName = Camradive;
				INFOPLIST_KEY_UIApplicationSceneManifest_Generation = YES;
				INFOPLIST_KEY_UIApplicationSupportsIndirectInputEvents = YES;
				INFOPLIST_KEY_UILaunchScreen_Generation = YES;
				INFOPLIST_KEY_UISupportedInterfaceOrientations_iPad = "UIInterfaceOrientationPortrait UIInterfaceOrientationPortraitUpsideDown UIInterfaceOrientationLandscapeLeft UIInterfaceOrientationLandscapeRight";
				INFOPLIST_KEY_UISupportedInterfaceOrientations_iPhone = "UIInterfaceOrientationPortrait UIInterfaceOrientationLandscapeLeft UIInterfaceOrientationLandscapeRight";
				IPHONEOS_DEPLOYMENT_TARGET = 17.2;
				LD_RUNPATH_SEARCH_PATHS = (
					"$(inherited)",
					"@executable_path/Frameworks",
				);
				MARKETING_VERSION = 1.0;
				PRODUCT_BUNDLE_IDENTIFIER = personal.CamraDive.1;
				PRODUCT_NAME = "$(TARGET_NAME)";
				SDKROOT = iphoneos;
				SWIFT_EMIT_LOC_STRINGS = YES;
				SWIFT_VERSION = 5.0;
				TARGETED_DEVICE_FAMILY = "1,2";
				VALIDATE_PRODUCT = YES;
			};
			name = Release;
		};
/* End XCBuildConfiguration section */

/* Begin XCConfigurationList section */
		1A862BFB2BD9F84C006E2107 /* Build configuration list for PBXProject "CamraDive" */ = {
			isa = XCConfigurationList;
			buildConfigurations = (
				1A862C1E2BD9F84D006E2107 /* Debug */,
				1A862C1F2BD9F84D006E2107 /* Release */,
			);
			defaultConfigurationIsVisible = 0;
			defaultConfigurationName = Release;
		};
		1A862C202BD9F84D006E2107 /* Build configuration list for PBXNativeTarget "CamraDive Watch App" */ = {
			isa = XCConfigurationList;
			buildConfigurations = (
				1A862C212BD9F84D006E2107 /* Debug */,
				1A862C222BD9F84D006E2107 /* Release */,
			);
			defaultConfigurationIsVisible = 0;
			defaultConfigurationName = Release;
		};
		1A862C242BD9F84D006E2107 /* Build configuration list for PBXNativeTarget "CamraDive" */ = {
			isa = XCConfigurationList;
			buildConfigurations = (
				1A862C252BD9F84D006E2107 /* Debug */,
				1A862C262BD9F84D006E2107 /* Release */,
			);
			defaultConfigurationIsVisible = 0;
			defaultConfigurationName = Release;
		};
/* End XCConfigurationList section */

/* Begin XCRemoteSwiftPackageReference section */
		1389FBCC2BDF57DD00F6969A /* XCRemoteSwiftPackageReference "SDWebImageLottieCoder" */ = {
			isa = XCRemoteSwiftPackageReference;
			repositoryURL = "https://github.com/SDWebImage/SDWebImageLottieCoder";
			requirement = {
				kind = upToNextMajorVersion;
				minimumVersion = 0.2.0;
			};
		};
/* End XCRemoteSwiftPackageReference section */

/* Begin XCSwiftPackageProductDependency section */
		1389FBCD2BDF57DD00F6969A /* SDWebImageLottieCoder */ = {
			isa = XCSwiftPackageProductDependency;
			package = 1389FBCC2BDF57DD00F6969A /* XCRemoteSwiftPackageReference "SDWebImageLottieCoder" */;
			productName = SDWebImageLottieCoder;
		};
		1389FBCF2BDF582800F6969A /* SDWebImageLottieCoder */ = {
			isa = XCSwiftPackageProductDependency;
			package = 1389FBCC2BDF57DD00F6969A /* XCRemoteSwiftPackageReference "SDWebImageLottieCoder" */;
			productName = SDWebImageLottieCoder;
		};
/* End XCSwiftPackageProductDependency section */
	};
	rootObject = 1A862BF82BD9F84C006E2107 /* Project object */;
}
